
Microsoft Visual Studio Solution File, Format Version 12.00
# Visual Studio Version 17
VisualStudioVersion = 17.12.35521.163 d17.12
MinimumVisualStudioVersion = 10.0.40219.1
Project("{FAE04EC0-301F-11D3-BF4B-00C04F79EFBC}") = "Ass C#04 part 2", "Ass C#04 part 2\Ass C#04 part 2.csproj", "{66264C34-2203-4463-9D0F-C0B59D2A2A36}"
EndProject
Project("{FAE04EC0-301F-11D3-BF4B-00C04F79EFBC}") = "Demo", "Demo\Demo.csproj", "{F9602163-2AF6-4C4E-B541-1F034A5C7FDA}"
EndProject
Global
	GlobalSection(SolutionConfigurationPlatforms) = preSolution
		Debug|Any CPU = Debug|Any CPU
		Release|Any CPU = Release|Any CPU
	EndGlobalSection
	GlobalSection(ProjectConfigurationPlatforms) = postSolution
		{66264C34-2203-4463-9D0F-C0B59D2A2A36}.Debug|Any CPU.ActiveCfg = Debug|Any CPU
		{66264C34-2203-4463-9D0F-C0B59D2A2A36}.Debug|Any CPU.Build.0 = Debug|Any CPU
		{66264C34-2203-4463-9D0F-C0B59D2A2A36}.Release|Any CPU.ActiveCfg = Release|Any CPU
		{66264C34-2203-4463-9D0F-C0B59D2A2A36}.Release|Any CPU.Build.0 = Release|Any CPU
		{F9602163-2AF6-4C4E-B541-1F034A5C7FDA}.Debug|Any CPU.ActiveCfg = Debug|Any CPU
		{F9602163-2AF6-4C4E-B541-1F034A5C7FDA}.Debug|Any CPU.Build.0 = Debug|Any CPU
		{F9602163-2AF6-4C4E-B541-1F034A5C7FDA}.Release|Any CPU.ActiveCfg = Release|Any CPU
		{F9602163-2AF6-4C4E-B541-1F034A5C7FDA}.Release|Any CPU.Build.0 = Release|Any CPU
	EndGlobalSection
	GlobalSection(SolutionProperties) = preSolution
		HideSolutionNode = FALSE
	EndGlobalSection
EndGlobal
